
Microsoft Visual Studio Solution File, Format Version 12.00
# Visual Studio 14
VisualStudioVersion = 14.0.25420.1
MinimumVisualStudioVersion = 10.0.40219.1
Project("{FAE04EC0-301F-11D3-BF4B-00C04F79EFBC}") = "EratosthenesSieveSet", "EratosthenesSieveSet\EratosthenesSieveSet.csproj", "{E3601A09-4817-4ED3-B465-BF17D1324C81}"
EndProject
Project("{FAE04EC0-301F-11D3-BF4B-00C04F79EFBC}") = "EratosthenesSieveSetTests", "EratosthenesSieveSetTests\EratosthenesSieveSetTests.csproj", "{CFA6EED1-82AC-4538-A6F2-0DCC7452850A}"
EndProject
Global
	GlobalSection(SolutionConfigurationPlatforms) = preSolution
		Debug|Any CPU = Debug|Any CPU
		Release|Any CPU = Release|Any CPU
	EndGlobalSection
	GlobalSection(ProjectConfigurationPlatforms) = postSolution
		{E3601A09-4817-4ED3-B465-BF17D1324C81}.Debug|Any CPU.ActiveCfg = Debug|Any CPU
		{E3601A09-4817-4ED3-B465-BF17D1324C81}.Debug|Any CPU.Build.0 = Debug|Any CPU
		{E3601A09-4817-4ED3-B465-BF17D1324C81}.Release|Any CPU.ActiveCfg = Release|Any CPU
		{E3601A09-4817-4ED3-B465-BF17D1324C81}.Release|Any CPU.Build.0 = Release|Any CPU
		{CFA6EED1-82AC-4538-A6F2-0DCC7452850A}.Debug|Any CPU.ActiveCfg = Debug|Any CPU
		{CFA6EED1-82AC-4538-A6F2-0DCC7452850A}.Debug|Any CPU.Build.0 = Debug|Any CPU
		{CFA6EED1-82AC-4538-A6F2-0DCC7452850A}.Release|Any CPU.ActiveCfg = Release|Any CPU
		{CFA6EED1-82AC-4538-A6F2-0DCC7452850A}.Release|Any CPU.Build.0 = Release|Any CPU
	EndGlobalSection
	GlobalSection(SolutionProperties) = preSolution
		HideSolutionNode = FALSE
	EndGlobalSection
EndGlobal
